{
  "name": "myblogmini",
  "version": "1.0.0",
  "lockfileVersion": 2,
  "requires": true,
  "packages": {
    "": {
      "name": "myblogmini",
      "version": "1.0.0",
      "license": "ISC",
      "dependencies": {
        "tdesign-miniprogram": "^1.4.1"
      }
    },
    "node_modules/dayjs": {
      "version": "1.11.11",
      "resolved": "https://registry.npmmirror.com/dayjs/-/dayjs-1.11.11.tgz",
      "integrity": "sha512-okzr3f11N6WuqYtZSvm+F776mB41wRZMhKP+hc34YdW+KmtYYK9iqvHSwo2k9FEH3fhGXvOPV6yz2IcSrfRUDg=="
    },
    "node_modules/tdesign-miniprogram": {
      "version": "1.4.1",
      "resolved": "https://registry.npmmirror.com/tdesign-miniprogram/-/tdesign-miniprogram-1.4.1.tgz",
      "integrity": "sha512-i09HiSl9xZzaQ6zuIV79gpULyeadjSrslUp9XlAEJNcFoSD3MWY0ZVwDLhBXqfUhuyI2Lwy6ym8DwUU0lC8zzQ==",
      "dependencies": {
        "dayjs": "^1.10.7"
      }
    }
  },
  "dependencies": {
    "dayjs": {
      "version": "1.11.11",
      "resolved": "https://registry.npmmirror.com/dayjs/-/dayjs-1.11.11.tgz",
      "integrity": "sha512-okzr3f11N6WuqYtZSvm+F776mB41wRZMhKP+hc34YdW+KmtYYK9iqvHSwo2k9FEH3fhGXvOPV6yz2IcSrfRUDg=="
    },
    "tdesign-miniprogram": {
      "version": "1.4.1",
      "resolved": "https://registry.npmmirror.com/tdesign-miniprogram/-/tdesign-miniprogram-1.4.1.tgz",
      "integrity": "sha512-i09HiSl9xZzaQ6zuIV79gpULyeadjSrslUp9XlAEJNcFoSD3MWY0ZVwDLhBXqfUhuyI2Lwy6ym8DwUU0lC8zzQ==",
      "requires": {
        "dayjs": "^1.10.7"
      }
    }
  }
}
